
Microsoft Visual Studio Solution File, Format Version 12.00
# Visual Studio Version 16
VisualStudioVersion = 16.0.30204.135
MinimumVisualStudioVersion = 10.0.40219.1
Project("{9A19103F-16F7-4668-BE54-9A1E7A4F7556}") = "SoftPlanAPI", "SoftPlanAPI\SoftPlanAPI.csproj", "{18B131AC-B9D6-4313-8F66-2C1F6B0CE22A}"
EndProject
Project("{9A19103F-16F7-4668-BE54-9A1E7A4F7556}") = "SoftPlan.Tests", "SoftPlanTests\SoftPlan.Tests.csproj", "{6D930912-FE4B-44EF-91BA-4FFBA9BBEE79}"
EndProject
Project("{9A19103F-16F7-4668-BE54-9A1E7A4F7556}") = "SoftPlan.Integration.Tests", "SoftPlan.Integration.Tests\SoftPlan.Integration.Tests.csproj", "{0D1238B5-C319-4C44-8EAB-F93E4178B749}"
EndProject
Project("{2150E333-8FDC-42A3-9474-1A3956D46DE8}") = "01 - Api Services", "01 - Api Services", "{595612A9-A485-48D0-AB01-87E8B42A856C}"
EndProject
Project("{2150E333-8FDC-42A3-9474-1A3956D46DE8}") = "02 - Domain", "02 - Domain", "{026591DD-CED4-49BA-804D-425AA3125F21}"
EndProject
Project("{2150E333-8FDC-42A3-9474-1A3956D46DE8}") = "03 - Infra", "03 - Infra", "{0C7E7B3F-5EF3-4C50-9495-328974799328}"
EndProject
Project("{2150E333-8FDC-42A3-9474-1A3956D46DE8}") = "04 - Tests", "04 - Tests", "{1E711EF5-1BC9-4588-9EF8-C44BF65B032B}"
EndProject
Project("{FAE04EC0-301F-11D3-BF4B-00C04F79EFBC}") = "SoftPlan.Domain", "SoftPlan.Domain\SoftPlan.Domain.csproj", "{BBF82438-3107-4D2F-80AB-89771F9AC822}"
EndProject
Global
	GlobalSection(SolutionConfigurationPlatforms) = preSolution
		Debug|Any CPU = Debug|Any CPU
		Release|Any CPU = Release|Any CPU
	EndGlobalSection
	GlobalSection(ProjectConfigurationPlatforms) = postSolution
		{18B131AC-B9D6-4313-8F66-2C1F6B0CE22A}.Debug|Any CPU.ActiveCfg = Debug|Any CPU
		{18B131AC-B9D6-4313-8F66-2C1F6B0CE22A}.Debug|Any CPU.Build.0 = Debug|Any CPU
		{18B131AC-B9D6-4313-8F66-2C1F6B0CE22A}.Release|Any CPU.ActiveCfg = Release|Any CPU
		{18B131AC-B9D6-4313-8F66-2C1F6B0CE22A}.Release|Any CPU.Build.0 = Release|Any CPU
		{6D930912-FE4B-44EF-91BA-4FFBA9BBEE79}.Debug|Any CPU.ActiveCfg = Debug|Any CPU
		{6D930912-FE4B-44EF-91BA-4FFBA9BBEE79}.Debug|Any CPU.Build.0 = Debug|Any CPU
		{6D930912-FE4B-44EF-91BA-4FFBA9BBEE79}.Release|Any CPU.ActiveCfg = Release|Any CPU
		{6D930912-FE4B-44EF-91BA-4FFBA9BBEE79}.Release|Any CPU.Build.0 = Release|Any CPU
		{0D1238B5-C319-4C44-8EAB-F93E4178B749}.Debug|Any CPU.ActiveCfg = Debug|Any CPU
		{0D1238B5-C319-4C44-8EAB-F93E4178B749}.Debug|Any CPU.Build.0 = Debug|Any CPU
		{0D1238B5-C319-4C44-8EAB-F93E4178B749}.Release|Any CPU.ActiveCfg = Release|Any CPU
		{0D1238B5-C319-4C44-8EAB-F93E4178B749}.Release|Any CPU.Build.0 = Release|Any CPU
		{BBF82438-3107-4D2F-80AB-89771F9AC822}.Debug|Any CPU.ActiveCfg = Debug|Any CPU
		{BBF82438-3107-4D2F-80AB-89771F9AC822}.Debug|Any CPU.Build.0 = Debug|Any CPU
		{BBF82438-3107-4D2F-80AB-89771F9AC822}.Release|Any CPU.ActiveCfg = Release|Any CPU
		{BBF82438-3107-4D2F-80AB-89771F9AC822}.Release|Any CPU.Build.0 = Release|Any CPU
	EndGlobalSection
	GlobalSection(SolutionProperties) = preSolution
		HideSolutionNode = FALSE
	EndGlobalSection
	GlobalSection(NestedProjects) = preSolution
		{18B131AC-B9D6-4313-8F66-2C1F6B0CE22A} = {595612A9-A485-48D0-AB01-87E8B42A856C}
		{6D930912-FE4B-44EF-91BA-4FFBA9BBEE79} = {1E711EF5-1BC9-4588-9EF8-C44BF65B032B}
		{0D1238B5-C319-4C44-8EAB-F93E4178B749} = {1E711EF5-1BC9-4588-9EF8-C44BF65B032B}
		{BBF82438-3107-4D2F-80AB-89771F9AC822} = {026591DD-CED4-49BA-804D-425AA3125F21}
	EndGlobalSection
	GlobalSection(ExtensibilityGlobals) = postSolution
		SolutionGuid = {D7AA328C-7FF0-4909-9782-A658966E5C15}
	EndGlobalSection
EndGlobal
